// !$*UTF8*$!
{
	archiveVersion = 1;
	classes = {
	};
	objectVersion = 77;
	objects = {

/* Begin PBXBuildFile section */
		21C10E70757DE05AEDA3DC64 /* SettingsView.swift in Sources */ = {isa = PBXBuildFile; fileRef = FD6744A2D4B3D0CF12153D62 /* SettingsView.swift */; };
		30C857921D56527B0F1E71AF /* NotificationNames.swift in Sources */ = {isa = PBXBuildFile; fileRef = EBD770BA5BDC13445B2DF3A7 /* NotificationNames.swift */; };
		93E5B549071D1D2F18CB0FAE /* ThemeManager.swift in Sources */ = {isa = PBXBuildFile; fileRef = 8047FC412A6662A3D5CFC08E /* ThemeManager.swift */; };
		96DA7B033B60C03ABA5C53E3 /* Logger+App.swift in Sources */ = {isa = PBXBuildFile; fileRef = 9E60A4D4AD221410CA99DE81 /* Logger+App.swift */; };
		A08B4EB64636BFF4EA1B16BE /* ThemeSettingsView.swift in Sources */ = {isa = PBXBuildFile; fileRef = 47F44B3F101BC7D765C71322 /* ThemeSettingsView.swift */; };
		A61BB3ADC489DCE23A7794B0 /* TrainingPlan+Grouping.swift in Sources */ = {isa = PBXBuildFile; fileRef = DFE9B37B479CDA0811F3D0A4 /* TrainingPlan+Grouping.swift */; };
		C15C887F2F04AEAFCC42A9E9 /* ExerciseIconView.swift in Sources */ = {isa = PBXBuildFile; fileRef = D874C7BBAA626D0DBA57A291 /* ExerciseIconView.swift */; };
		C3FDADD82FCAD75500E8767F /* View+Modifiers.swift in Sources */ = {isa = PBXBuildFile; fileRef = C3FDADC12FCAD75500E8767F /* View+Modifiers.swift */; };
		C3FDADD92FCAD75500E8767F /* FitTrackProApp.swift in Sources */ = {isa = PBXBuildFile; fileRef = C3FDADBD2FCAD75500E8767F /* FitTrackProApp.swift */; };
		C3FDADDA2FCAD75500E8767F /* Color+Theme.swift in Sources */ = {isa = PBXBuildFile; fileRef = C3FDADC02FCAD75500E8767F /* Color+Theme.swift */; };
		C3FDADDB2FCAD75500E8767F /* AppStorageKeys.swift in Sources */ = {isa = PBXBuildFile; fileRef = C3FDADBF2FCAD75500E8767F /* AppStorageKeys.swift */; };
		C3FDADDC2FCAD75500E8767F /* AppRouter.swift in Sources */ = {isa = PBXBuildFile; fileRef = C3FDADBC2FCAD75500E8767F /* AppRouter.swift */; };
		C3FDADDD2FCAD75500E8767F /* InfoPlist.strings in Resources */ = {isa = PBXBuildFile; fileRef = C3FDADD32FCAD75500E8767F /* InfoPlist.strings */; };
		C3FDADDE2FCAD75500E8767F /* Localizable.strings in Resources */ = {isa = PBXBuildFile; fileRef = C3FDADD62FCAD75500E8767F /* Localizable.strings */; };
		C3FDADDF2FCAD75500E8767F /* Assets.xcassets in Resources */ = {isa = PBXBuildFile; fileRef = C3FDADD02FCAD75500E8767F /* Assets.xcassets */; };
		C3FDADE82FCADD8C00E8767F /* WorkoutSession.swift in Sources */ = {isa = PBXBuildFile; fileRef = C3FDADE62FCADD8C00E8767F /* WorkoutSession.swift */; };
		C3FDADE92FCADD8C00E8767F /* PlanExercise.swift in Sources */ = {isa = PBXBuildFile; fileRef = C3FDADE32FCADD8C00E8767F /* PlanExercise.swift */; };
		C3FDADEA2FCADD8C00E8767F /* TrainingPlan.swift in Sources */ = {isa = PBXBuildFile; fileRef = C3FDADE42FCADD8C00E8767F /* TrainingPlan.swift */; };
		C3FDADEB2FCADD8C00E8767F /* FoodEntry.swift in Sources */ = {isa = PBXBuildFile; fileRef = C3FDADE22FCADD8C00E8767F /* FoodEntry.swift */; };
		C3FDADEC2FCADD8C00E8767F /* WeightEntry.swift in Sources */ = {isa = PBXBuildFile; fileRef = C3FDADE52FCADD8C00E8767F /* WeightEntry.swift */; };
		C3FDADED2FCADD8C00E8767F /* WorkoutSet.swift in Sources */ = {isa = PBXBuildFile; fileRef = C3FDADE72FCADD8C00E8767F /* WorkoutSet.swift */; };
		C3FDADEE2FCADD8C00E8767F /* DailyLog.swift in Sources */ = {isa = PBXBuildFile; fileRef = C3FDADE02FCADD8C00E8767F /* DailyLog.swift */; };
		C3FDADEF2FCADD8C00E8767F /* Exercise.swift in Sources */ = {isa = PBXBuildFile; fileRef = C3FDADE12FCADD8C00E8767F /* Exercise.swift */; };
		C3FDADF82FCADE4800E8767F /* ExerciseLibraryView.swift in Sources */ = {isa = PBXBuildFile; fileRef = C3FDADF22FCADE4800E8767F /* ExerciseLibraryView.swift */; };
		C3FDADF92FCADE4800E8767F /* ExerciseFormView.swift in Sources */ = {isa = PBXBuildFile; fileRef = C3FDADF12FCADE4800E8767F /* ExerciseFormView.swift */; };
		C3FDADFA2FCADE4800E8767F /* ExerciseDetailView.swift in Sources */ = {isa = PBXBuildFile; fileRef = C3FDADF02FCADE4800E8767F /* ExerciseDetailView.swift */; };
		C3FDADFB2FCADE4800E8767F /* SeedDataService.swift in Sources */ = {isa = PBXBuildFile; fileRef = C3FDADF62FCADE4800E8767F /* SeedDataService.swift */; };
		C3FDADFC2FCADE4800E8767F /* ExerciseLibraryViewModel.swift in Sources */ = {isa = PBXBuildFile; fileRef = C3FDADF32FCADE4800E8767F /* ExerciseLibraryViewModel.swift */; };
		C3FDAE012FCADF0300E8767F /* PlanDetailView.swift in Sources */ = {isa = PBXBuildFile; fileRef = C3FDADFE2FCADF0300E8767F /* PlanDetailView.swift */; };
		C3FDAE022FCADF0300E8767F /* PlanExerciseRowView.swift in Sources */ = {isa = PBXBuildFile; fileRef = C3FDADFF2FCADF0300E8767F /* PlanExerciseRowView.swift */; };
		C3FDAE032FCADF0300E8767F /* ExerciseSelectionView.swift in Sources */ = {isa = PBXBuildFile; fileRef = C3FDADFD2FCADF0300E8767F /* ExerciseSelectionView.swift */; };
		C3FDAE042FCADF0300E8767F /* TrainingPlansView.swift in Sources */ = {isa = PBXBuildFile; fileRef = C3FDAE002FCADF0300E8767F /* TrainingPlansView.swift */; };
		C3FDAE0A2FCADF8E00E8767F /* NotificationService.swift in Sources */ = {isa = PBXBuildFile; fileRef = C3FDAE052FCADF8E00E8767F /* NotificationService.swift */; };
		C3FDAE0B2FCADF8E00E8767F /* WorkoutSessionView.swift in Sources */ = {isa = PBXBuildFile; fileRef = C3FDAE072FCADF8E00E8767F /* WorkoutSessionView.swift */; };
		C3FDAE0C2FCADF8E00E8767F /* WorkoutSetRowView.swift in Sources */ = {isa = PBXBuildFile; fileRef = C3FDAE092FCADF8E00E8767F /* WorkoutSetRowView.swift */; };
		C3FDAE0E2FCADF8E00E8767F /* WorkoutSessionViewModel.swift in Sources */ = {isa = PBXBuildFile; fileRef = C3FDAE082FCADF8E00E8767F /* WorkoutSessionViewModel.swift */; };
		C3FDAE102FCAE41100E8767F /* WorkoutSummaryView.swift in Sources */ = {isa = PBXBuildFile; fileRef = C3FDAE0F2FCAE41100E8767F /* WorkoutSummaryView.swift */; };
		C3FDAE122FCAE73F00E8767F /* ExerciseHistoryView.swift in Sources */ = {isa = PBXBuildFile; fileRef = C3FDAE112FCAE73F00E8767F /* ExerciseHistoryView.swift */; };
		A1B2C3D4E5F6A7B8C9D0E1F3 /* ExerciseCardView.swift in Sources */ = {isa = PBXBuildFile; fileRef = A1B2C3D4E5F6A7B8C9D0E1F2 /* ExerciseCardView.swift */; };
		/* End PBXBuildFile section */

/* Begin PBXFileReference section */
		47F44B3F101BC7D765C71322 /* ThemeSettingsView.swift */ = {isa = PBXFileReference; includeInIndex = 1; lastKnownFileType = sourcecode.swift; path = ThemeSettingsView.swift; sourceTree = "<group>"; };
		8047FC412A6662A3D5CFC08E /* ThemeManager.swift */ = {isa = PBXFileReference; includeInIndex = 1; lastKnownFileType = sourcecode.swift; path = ThemeManager.swift; sourceTree = "<group>"; };
		9E60A4D4AD221410CA99DE81 /* Logger+App.swift */ = {isa = PBXFileReference; includeInIndex = 1; lastKnownFileType = sourcecode.swift; path = "Logger+App.swift"; sourceTree = "<group>"; };
		C3FDADAE2FCAD62A00E8767F /* FitTrackPro.app */ = {isa = PBXFileReference; explicitFileType = wrapper.application; includeInIndex = 0; path = FitTrackPro.app; sourceTree = BUILT_PRODUCTS_DIR; };
		C3FDADBC2FCAD75500E8767F /* AppRouter.swift */ = {isa = PBXFileReference; lastKnownFileType = sourcecode.swift; path = AppRouter.swift; sourceTree = "<group>"; };
		C3FDADBD2FCAD75500E8767F /* FitTrackProApp.swift */ = {isa = PBXFileReference; lastKnownFileType = sourcecode.swift; path = FitTrackProApp.swift; sourceTree = "<group>"; };
		C3FDADBF2FCAD75500E8767F /* AppStorageKeys.swift */ = {isa = PBXFileReference; lastKnownFileType = sourcecode.swift; path = AppStorageKeys.swift; sourceTree = "<group>"; };
		C3FDADC02FCAD75500E8767F /* Color+Theme.swift */ = {isa = PBXFileReference; lastKnownFileType = sourcecode.swift; path = "Color+Theme.swift"; sourceTree = "<group>"; };
		C3FDADC12FCAD75500E8767F /* View+Modifiers.swift */ = {isa = PBXFileReference; lastKnownFileType = sourcecode.swift; path = "View+Modifiers.swift"; sourceTree = "<group>"; };
		C3FDADD02FCAD75500E8767F /* Assets.xcassets */ = {isa = PBXFileReference; lastKnownFileType = folder.assetcatalog; path = Assets.xcassets; sourceTree = "<group>"; };
		C3FDADD12FCAD75500E8767F /* en */ = {isa = PBXFileReference; lastKnownFileType = text.plist.strings; name = en; path = en.lproj/InfoPlist.strings; sourceTree = "<group>"; };
		C3FDADD22FCAD75500E8767F /* de */ = {isa = PBXFileReference; lastKnownFileType = text.plist.strings; name = de; path = de.lproj/InfoPlist.strings; sourceTree = "<group>"; };
		C3FDADD42FCAD75500E8767F /* en */ = {isa = PBXFileReference; lastKnownFileType = text.plist.strings; name = en; path = en.lproj/Localizable.strings; sourceTree = "<group>"; };
		C3FDADD52FCAD75500E8767F /* de */ = {isa = PBXFileReference; lastKnownFileType = text.plist.strings; name = de; path = de.lproj/Localizable.strings; sourceTree = "<group>"; };
		C3FDADE02FCADD8C00E8767F /* DailyLog.swift */ = {isa = PBXFileReference; lastKnownFileType = sourcecode.swift; path = DailyLog.swift; sourceTree = "<group>"; };
		C3FDADE12FCADD8C00E8767F /* Exercise.swift */ = {isa = PBXFileReference; lastKnownFileType = sourcecode.swift; path = Exercise.swift; sourceTree = "<group>"; };
		C3FDADE22FCADD8C00E8767F /* FoodEntry.swift */ = {isa = PBXFileReference; lastKnownFileType = sourcecode.swift; path = FoodEntry.swift; sourceTree = "<group>"; };
		C3FDADE32FCADD8C00E8767F /* PlanExercise.swift */ = {isa = PBXFileReference; lastKnownFileType = sourcecode.swift; path = PlanExercise.swift; sourceTree = "<group>"; };
		C3FDADE42FCADD8C00E8767F /* TrainingPlan.swift */ = {isa = PBXFileReference; lastKnownFileType = sourcecode.swift; path = TrainingPlan.swift; sourceTree = "<group>"; };
		C3FDADE52FCADD8C00E8767F /* WeightEntry.swift */ = {isa = PBXFileReference; lastKnownFileType = sourcecode.swift; path = WeightEntry.swift; sourceTree = "<group>"; };
		C3FDADE62FCADD8C00E8767F /* WorkoutSession.swift */ = {isa = PBXFileReference; lastKnownFileType = sourcecode.swift; path = WorkoutSession.swift; sourceTree = "<group>"; };
		C3FDADE72FCADD8C00E8767F /* WorkoutSet.swift */ = {isa = PBXFileReference; lastKnownFileType = sourcecode.swift; path = WorkoutSet.swift; sourceTree = "<group>"; };
		C3FDADF02FCADE4800E8767F /* ExerciseDetailView.swift */ = {isa = PBXFileReference; lastKnownFileType = sourcecode.swift; path = ExerciseDetailView.swift; sourceTree = "<group>"; };
		C3FDADF12FCADE4800E8767F /* ExerciseFormView.swift */ = {isa = PBXFileReference; lastKnownFileType = sourcecode.swift; path = ExerciseFormView.swift; sourceTree = "<group>"; };
		C3FDADF22FCADE4800E8767F /* ExerciseLibraryView.swift */ = {isa = PBXFileReference; lastKnownFileType = sourcecode.swift; path = ExerciseLibraryView.swift; sourceTree = "<group>"; };
		C3FDADF32FCADE4800E8767F /* ExerciseLibraryViewModel.swift */ = {isa = PBXFileReference; lastKnownFileType = sourcecode.swift; path = ExerciseLibraryViewModel.swift; sourceTree = "<group>"; };
		C3FDADF62FCADE4800E8767F /* SeedDataService.swift */ = {isa = PBXFileReference; lastKnownFileType = sourcecode.swift; path = SeedDataService.swift; sourceTree = "<group>"; };
		C3FDADFD2FCADF0300E8767F /* ExerciseSelectionView.swift */ = {isa = PBXFileReference; lastKnownFileType = sourcecode.swift; path = ExerciseSelectionView.swift; sourceTree = "<group>"; };
		C3FDADFE2FCADF0300E8767F /* PlanDetailView.swift */ = {isa = PBXFileReference; lastKnownFileType = sourcecode.swift; path = PlanDetailView.swift; sourceTree = "<group>"; };
		C3FDADFF2FCADF0300E8767F /* PlanExerciseRowView.swift */ = {isa = PBXFileReference; lastKnownFileType = sourcecode.swift; path = PlanExerciseRowView.swift; sourceTree = "<group>"; };
		C3FDAE002FCADF0300E8767F /* TrainingPlansView.swift */ = {isa = PBXFileReference; lastKnownFileType = sourcecode.swift; path = TrainingPlansView.swift; sourceTree = "<group>"; };
		C3FDAE052FCADF8E00E8767F /* NotificationService.swift */ = {isa = PBXFileReference; lastKnownFileType = sourcecode.swift; path = NotificationService.swift; sourceTree = "<group>"; };
		C3FDAE072FCADF8E00E8767F /* WorkoutSessionView.swift */ = {isa = PBXFileReference; lastKnownFileType = sourcecode.swift; path = WorkoutSessionView.swift; sourceTree = "<group>"; };
		C3FDAE082FCADF8E00E8767F /* WorkoutSessionViewModel.swift */ = {isa = PBXFileReference; lastKnownFileType = sourcecode.swift; path = WorkoutSessionViewModel.swift; sourceTree = "<group>"; };
		C3FDAE092FCADF8E00E8767F /* WorkoutSetRowView.swift */ = {isa = PBXFileReference; lastKnownFileType = sourcecode.swift; path = WorkoutSetRowView.swift; sourceTree = "<group>"; };
		C3FDAE0F2FCAE41100E8767F /* WorkoutSummaryView.swift */ = {isa = PBXFileReference; lastKnownFileType = sourcecode.swift; path = WorkoutSummaryView.swift; sourceTree = "<group>"; };
		C3FDAE112FCAE73F00E8767F /* ExerciseHistoryView.swift */ = {isa = PBXFileReference; lastKnownFileType = sourcecode.swift; path = ExerciseHistoryView.swift; sourceTree = "<group>"; };
		D874C7BBAA626D0DBA57A291 /* ExerciseIconView.swift */ = {isa = PBXFileReference; includeInIndex = 1; lastKnownFileType = sourcecode.swift; path = ExerciseIconView.swift; sourceTree = "<group>"; };
		DFE9B37B479CDA0811F3D0A4 /* TrainingPlan+Grouping.swift */ = {isa = PBXFileReference; includeInIndex = 1; lastKnownFileType = sourcecode.swift; path = "TrainingPlan+Grouping.swift"; sourceTree = "<group>"; };
		EBD770BA5BDC13445B2DF3A7 /* NotificationNames.swift */ = {isa = PBXFileReference; includeInIndex = 1; lastKnownFileType = sourcecode.swift; path = NotificationNames.swift; sourceTree = "<group>"; };
		FD6744A2D4B3D0CF12153D62 /* SettingsView.swift */ = {isa = PBXFileReference; includeInIndex = 1; lastKnownFileType = sourcecode.swift; path = SettingsView.swift; sourceTree = "<group>"; };
		A1B2C3D4E5F6A7B8C9D0E1F2 /* ExerciseCardView.swift */ = {isa = PBXFileReference; lastKnownFileType = sourcecode.swift; path = ExerciseCardView.swift; sourceTree = "<group>"; };
		/* End PBXFileReference section */

/* Begin PBXFrameworksBuildPhase section */
		C3FDADAB2FCAD62A00E8767F /* Frameworks */ = {
			isa = PBXFrameworksBuildPhase;
			buildActionMask = 2147483647;
			files = (
			);
			runOnlyForDeploymentPostprocessing = 0;
		};
/* End PBXFrameworksBuildPhase section */

/* Begin PBXGroup section */
		4DA697A554E88C9B74785009 /* Views */ = {
			isa = PBXGroup;
			children = (
				D874C7BBAA626D0DBA57A291 /* ExerciseIconView.swift */,
			);
			name = Views;
			path = Views;
			sourceTree = "<group>";
		};
		AACEB7D8A3F943C215930A77 /* Managers */ = {
			isa = PBXGroup;
			children = (
				8047FC412A6662A3D5CFC08E /* ThemeManager.swift */,
			);
			name = Managers;
			path = Managers;
			sourceTree = "<group>";
		};
		C3FDADA52FCAD62A00E8767F = {
			isa = PBXGroup;
			children = (
				C3FDAE112FCAE73F00E8767F /* ExerciseHistoryView.swift */,
				C3FDAE0F2FCAE41100E8767F /* WorkoutSummaryView.swift */,
				C3FDADF62FCADE4800E8767F /* SeedDataService.swift */,
				C3FDADFD2FCADF0300E8767F /* ExerciseSelectionView.swift */,
				C3FDADFE2FCADF0300E8767F /* PlanDetailView.swift */,
				C3FDADFF2FCADF0300E8767F /* PlanExerciseRowView.swift */,
				C3FDAE002FCADF0300E8767F /* TrainingPlansView.swift */,
				C3FDAE052FCADF8E00E8767F /* NotificationService.swift */,
				C3FDAE072FCADF8E00E8767F /* WorkoutSessionView.swift */,
				C3FDAE082FCADF8E00E8767F /* WorkoutSessionViewModel.swift */,
				C3FDAE092FCADF8E00E8767F /* WorkoutSetRowView.swift */,
				C3FDADBE2FCAD75500E8767F /* App */,
				C3FDADC52FCAD75500E8767F /* Core */,
				C3FDADCF2FCAD75500E8767F /* Features */,
				C3FDADD72FCAD75500E8767F /* Resources */,
				C3FDADAF2FCAD62A00E8767F /* Products */,
			);
			sourceTree = "<group>";
		};
		C3FDADAF2FCAD62A00E8767F /* Products */ = {
			isa = PBXGroup;
			children = (
				C3FDADAE2FCAD62A00E8767F /* FitTrackPro.app */,
			);
			name = Products;
			sourceTree = "<group>";
		};
		C3FDADBE2FCAD75500E8767F /* App */ = {
			isa = PBXGroup;
			children = (
				C3FDADBC2FCAD75500E8767F /* AppRouter.swift */,
				C3FDADBD2FCAD75500E8767F /* FitTrackProApp.swift */,
			);
			path = App;
			sourceTree = "<group>";
		};
		C3FDADC22FCAD75500E8767F /* Extensions */ = {
			isa = PBXGroup;
			children = (
				C3FDADBF2FCAD75500E8767F /* AppStorageKeys.swift */,
				C3FDADC02FCAD75500E8767F /* Color+Theme.swift */,
				C3FDADC12FCAD75500E8767F /* View+Modifiers.swift */,
				EBD770BA5BDC13445B2DF3A7 /* NotificationNames.swift */,
				9E60A4D4AD221410CA99DE81 /* Logger+App.swift */,
				DFE9B37B479CDA0811F3D0A4 /* TrainingPlan+Grouping.swift */,
			);
			path = Extensions;
			sourceTree = "<group>";
		};
		C3FDADC32FCAD75500E8767F /* Models */ = {
			isa = PBXGroup;
			children = (
				C3FDADE02FCADD8C00E8767F /* DailyLog.swift */,
				C3FDADE12FCADD8C00E8767F /* Exercise.swift */,
				C3FDADE22FCADD8C00E8767F /* FoodEntry.swift */,
				C3FDADE32FCADD8C00E8767F /* PlanExercise.swift */,
				C3FDADE42FCADD8C00E8767F /* TrainingPlan.swift */,
				C3FDADE52FCADD8C00E8767F /* WeightEntry.swift */,
				C3FDADE62FCADD8C00E8767F /* WorkoutSession.swift */,
				C3FDADE72FCADD8C00E8767F /* WorkoutSet.swift */,
			);
			path = Models;
			sourceTree = "<group>";
		};
		C3FDADC42FCAD75500E8767F /* Services */ = {
			isa = PBXGroup;
			children = (
			
				C3FDAE052FCADF8E00E8767F /* NotificationService.swift */,
				C3FDADF62FCADE4800E8767F /* SeedDataService.swift */,);
			path = Services;
			sourceTree = "<group>";
		};
		C3FDADC52FCAD75500E8767F /* Core */ = {
			isa = PBXGroup;
			children = (
				C3FDADC22FCAD75500E8767F /* Extensions */,
				C3FDADC32FCAD75500E8767F /* Models */,
				C3FDADC42FCAD75500E8767F /* Services */,
				AACEB7D8A3F943C215930A77 /* Managers */,
				4DA697A554E88C9B74785009 /* Views */,
			);
			path = Core;
			sourceTree = "<group>";
		};
		C3FDADC62FCAD75500E8767F /* Dashboard */ = {
			isa = PBXGroup;
			children = (
			);
			path = Dashboard;
			sourceTree = "<group>";
		};
		C3FDADC72FCAD75500E8767F /* Nutrition */ = {
			isa = PBXGroup;
			children = (
			);
			path = Nutrition;
			sourceTree = "<group>";
		};
		C3FDADC82FCAD75500E8767F /* Settings */ = {
			isa = PBXGroup;
			children = (
				FD6744A2D4B3D0CF12153D62 /* SettingsView.swift */,
				47F44B3F101BC7D765C71322 /* ThemeSettingsView.swift */,
			);
			path = Settings;
			sourceTree = "<group>";
		};
		C3FDADC92FCAD75500E8767F /* Statistics */ = {
			isa = PBXGroup;
			children = (
			);
			path = Statistics;
			sourceTree = "<group>";
		};
		C3FDADCA2FCAD75500E8767F /* ExerciseLibrary */ = {
			isa = PBXGroup;
			children = (
			
				C3FDADF02FCADE4800E8767F /* ExerciseDetailView.swift */,
				C3FDADF12FCADE4800E8767F /* ExerciseFormView.swift */,
				C3FDADF22FCADE4800E8767F /* ExerciseLibraryView.swift */,
				C3FDADF32FCADE4800E8767F /* ExerciseLibraryViewModel.swift */,
				A1B2C3D4E5F6A7B8C9D0E1F2 /* ExerciseCardView.swift */,);
			path = ExerciseLibrary;
			sourceTree = "<group>";
		};
		C3FDADCB2FCAD75500E8767F /* Plans */ = {
			isa = PBXGroup;
			children = (
			
				C3FDADFD2FCADF0300E8767F /* ExerciseSelectionView.swift */,
				C3FDADFE2FCADF0300E8767F /* PlanDetailView.swift */,
				C3FDADFF2FCADF0300E8767F /* PlanExerciseRowView.swift */,
				C3FDAE002FCADF0300E8767F /* TrainingPlansView.swift */,);
			path = Plans;
			sourceTree = "<group>";
		};
		C3FDADCC2FCAD75500E8767F /* Workout */ = {
			isa = PBXGroup;
			children = (
			
				C3FDAE072FCADF8E00E8767F /* WorkoutSessionView.swift */,
				C3FDAE082FCADF8E00E8767F /* WorkoutSessionViewModel.swift */,
				C3FDAE092FCADF8E00E8767F /* WorkoutSetRowView.swift */,
				C3FDAE0F2FCAE41100E8767F /* WorkoutSummaryView.swift */,
				C3FDAE112FCAE73F00E8767F /* ExerciseHistoryView.swift */,);
			path = Workout;
			sourceTree = "<group>";
		};
		C3FDADCD2FCAD75500E8767F /* Training */ = {
			isa = PBXGroup;
			children = (
				C3FDADCA2FCAD75500E8767F /* ExerciseLibrary */,
				C3FDADCB2FCAD75500E8767F /* Plans */,
				C3FDADCC2FCAD75500E8767F /* Workout */,
			);
			path = Training;
			sourceTree = "<group>";
		};
		C3FDADCE2FCAD75500E8767F /* WeightTracker */ = {
			isa = PBXGroup;
			children = (
			);
			path = WeightTracker;
			sourceTree = "<group>";
		};
		C3FDADCF2FCAD75500E8767F /* Features */ = {
			isa = PBXGroup;
			children = (
				C3FDADC62FCAD75500E8767F /* Dashboard */,
				C3FDADC72FCAD75500E8767F /* Nutrition */,
				C3FDADC82FCAD75500E8767F /* Settings */,
				C3FDADC92FCAD75500E8767F /* Statistics */,
				C3FDADCD2FCAD75500E8767F /* Training */,
				C3FDADCE2FCAD75500E8767F /* WeightTracker */,
			);
			path = Features;
			sourceTree = "<group>";
		};
		C3FDADD72FCAD75500E8767F /* Resources */ = {
			isa = PBXGroup;
			children = (
				C3FDADD02FCAD75500E8767F /* Assets.xcassets */,
				C3FDADD32FCAD75500E8767F /* InfoPlist.strings */,
				C3FDADD62FCAD75500E8767F /* Localizable.strings */,
			);
			path = Resources;
			sourceTree = "<group>";
		};
						/* End PBXGroup section */

/* Begin PBXNativeTarget section */
		C3FDADAD2FCAD62A00E8767F /* FitTrackPro */ = {
			isa = PBXNativeTarget;
			buildConfigurationList = C3FDADB92FCAD62C00E8767F /* Build configuration list for PBXNativeTarget "FitTrackPro" */;
			buildPhases = (
				C3FDADAA2FCAD62A00E8767F /* Sources */,
				C3FDADAB2FCAD62A00E8767F /* Frameworks */,
				C3FDADAC2FCAD62A00E8767F /* Resources */,
			);
			buildRules = (
			);
			dependencies = (
			);
			name = FitTrackPro;
			productName = FitTrackPro;
			productReference = C3FDADAE2FCAD62A00E8767F /* FitTrackPro.app */;
			productType = "com.apple.product-type.application";
		};
/* End PBXNativeTarget section */

/* Begin PBXProject section */
		C3FDADA62FCAD62A00E8767F /* Project object */ = {
			isa = PBXProject;
			attributes = {
				BuildIndependentTargetsInParallel = 1;
				LastSwiftUpdateCheck = 2650;
				LastUpgradeCheck = 2650;
				TargetAttributes = {
					C3FDADAD2FCAD62A00E8767F = {
						CreatedOnToolsVersion = 26.5;
					};
				};
			};
			buildConfigurationList = C3FDADA92FCAD62A00E8767F /* Build configuration list for PBXProject "FitTrackPro" */;
			developmentRegion = en;
			hasScannedForEncodings = 0;
			knownRegions = (
				en,
				Base,
				de,
			);
			mainGroup = C3FDADA52FCAD62A00E8767F;
			minimizedProjectReferenceProxies = 1;
			preferredProjectObjectVersion = 77;
			productRefGroup = C3FDADAF2FCAD62A00E8767F /* Products */;
			projectDirPath = "";
			projectRoot = "";
			targets = (
				C3FDADAD2FCAD62A00E8767F /* FitTrackPro */,
			);
		};
/* End PBXProject section */

/* Begin PBXResourcesBuildPhase section */
		C3FDADAC2FCAD62A00E8767F /* Resources */ = {
			isa = PBXResourcesBuildPhase;
			buildActionMask = 2147483647;
			files = (
				C3FDADDD2FCAD75500E8767F /* InfoPlist.strings in Resources */,
				C3FDADDE2FCAD75500E8767F /* Localizable.strings in Resources */,
				C3FDADDF2FCAD75500E8767F /* Assets.xcassets in Resources */,
			);
			runOnlyForDeploymentPostprocessing = 0;
		};
/* End PBXResourcesBuildPhase section */

/* Begin PBXSourcesBuildPhase section */
		C3FDADAA2FCAD62A00E8767F /* Sources */ = {
			isa = PBXSourcesBuildPhase;
			buildActionMask = 2147483647;
			files = (
				C3FDADD82FCAD75500E8767F /* View+Modifiers.swift in Sources */,
				C3FDADD92FCAD75500E8767F /* FitTrackProApp.swift in Sources */,
				C3FDAE102FCAE41100E8767F /* WorkoutSummaryView.swift in Sources */,
				C3FDADDA2FCAD75500E8767F /* Color+Theme.swift in Sources */,
				C3FDADDB2FCAD75500E8767F /* AppStorageKeys.swift in Sources */,
				C3FDADDC2FCAD75500E8767F /* AppRouter.swift in Sources */,
				C3FDADE82FCADD8C00E8767F /* WorkoutSession.swift in Sources */,
				C3FDADE92FCADD8C00E8767F /* PlanExercise.swift in Sources */,
				C3FDADF82FCADE4800E8767F /* ExerciseLibraryView.swift in Sources */,
				C3FDADF92FCADE4800E8767F /* ExerciseFormView.swift in Sources */,
				C3FDAE0A2FCADF8E00E8767F /* NotificationService.swift in Sources */,
				C3FDAE0B2FCADF8E00E8767F /* WorkoutSessionView.swift in Sources */,
				C3FDAE0C2FCADF8E00E8767F /* WorkoutSetRowView.swift in Sources */,
				C3FDAE0E2FCADF8E00E8767F /* WorkoutSessionViewModel.swift in Sources */,
				C3FDADFA2FCADE4800E8767F /* ExerciseDetailView.swift in Sources */,
				C3FDADFB2FCADE4800E8767F /* SeedDataService.swift in Sources */,
				C3FDADFC2FCADE4800E8767F /* ExerciseLibraryViewModel.swift in Sources */,
				C3FDADEA2FCADD8C00E8767F /* TrainingPlan.swift in Sources */,
				C3FDAE012FCADF0300E8767F /* PlanDetailView.swift in Sources */,
				C3FDAE022FCADF0300E8767F /* PlanExerciseRowView.swift in Sources */,
				C3FDAE032FCADF0300E8767F /* ExerciseSelectionView.swift in Sources */,
				C3FDAE122FCAE73F00E8767F /* ExerciseHistoryView.swift in Sources */,
				C3FDAE042FCADF0300E8767F /* TrainingPlansView.swift in Sources */,
				C3FDADEB2FCADD8C00E8767F /* FoodEntry.swift in Sources */,
				C3FDADEC2FCADD8C00E8767F /* WeightEntry.swift in Sources */,
				C3FDADED2FCADD8C00E8767F /* WorkoutSet.swift in Sources */,
				C3FDADEE2FCADD8C00E8767F /* DailyLog.swift in Sources */,
				C3FDADEF2FCADD8C00E8767F /* Exercise.swift in Sources */,
				21C10E70757DE05AEDA3DC64 /* SettingsView.swift in Sources */,
				30C857921D56527B0F1E71AF /* NotificationNames.swift in Sources */,
				96DA7B033B60C03ABA5C53E3 /* Logger+App.swift in Sources */,
				A61BB3ADC489DCE23A7794B0 /* TrainingPlan+Grouping.swift in Sources */,
				93E5B549071D1D2F18CB0FAE /* ThemeManager.swift in Sources */,
				C15C887F2F04AEAFCC42A9E9 /* ExerciseIconView.swift in Sources */,
				A08B4EB64636BFF4EA1B16BE /* ThemeSettingsView.swift in Sources */,
			
				A1B2C3D4E5F6A7B8C9D0E1F3 /* ExerciseCardView.swift in Sources */,);
			runOnlyForDeploymentPostprocessing = 0;
		};
/* End PBXSourcesBuildPhase section */

/* Begin PBXVariantGroup section */
		C3FDADD32FCAD75500E8767F /* InfoPlist.strings */ = {
			isa = PBXVariantGroup;
			children = (
				C3FDADD12FCAD75500E8767F /* en */,
				C3FDADD22FCAD75500E8767F /* de */,
			);
			name = InfoPlist.strings;
			sourceTree = "<group>";
		};
		C3FDADD62FCAD75500E8767F /* Localizable.strings */ = {
			isa = PBXVariantGroup;
			children = (
				C3FDADD42FCAD75500E8767F /* en */,
				C3FDADD52FCAD75500E8767F /* de */,
			);
			name = Localizable.strings;
			sourceTree = "<group>";
		};
/* End PBXVariantGroup section */

/* Begin XCBuildConfiguration section */
		C3FDADB72FCAD62C00E8767F /* Debug */ = {
			isa = XCBuildConfiguration;
			buildSettings = {
				ALWAYS_SEARCH_USER_PATHS = NO;
				ASSETCATALOG_COMPILER_GENERATE_SWIFT_ASSET_SYMBOL_EXTENSIONS = YES;
				CLANG_ANALYZER_NONNULL = YES;
				CLANG_ANALYZER_NUMBER_OBJECT_CONVERSION = YES_AGGRESSIVE;
				CLANG_CXX_LANGUAGE_STANDARD = "gnu++20";
				CLANG_ENABLE_MODULES = YES;
				CLANG_ENABLE_OBJC_ARC = YES;
				CLANG_ENABLE_OBJC_WEAK = YES;
				CLANG_WARN_BLOCK_CAPTURE_AUTORELEASING = YES;
				CLANG_WARN_BOOL_CONVERSION = YES;
				CLANG_WARN_COMMA = YES;
				CLANG_WARN_CONSTANT_CONVERSION = YES;
				CLANG_WARN_DEPRECATED_OBJC_IMPLEMENTATIONS = YES;
				CLANG_WARN_DIRECT_OBJC_ISA_USAGE = YES_ERROR;
				CLANG_WARN_DOCUMENTATION_COMMENTS = YES;
				CLANG_WARN_EMPTY_BODY = YES;
				CLANG_WARN_ENUM_CONVERSION = YES;
				CLANG_WARN_INFINITE_RECURSION = YES;
				CLANG_WARN_INT_CONVERSION = YES;
				CLANG_WARN_NON_LITERAL_NULL_CONVERSION = YES;
				CLANG_WARN_OBJC_IMPLICIT_RETAIN_SELF = YES;
				CLANG_WARN_OBJC_LITERAL_CONVERSION = YES;
				CLANG_WARN_OBJC_ROOT_CLASS = YES_ERROR;
				CLANG_WARN_QUOTED_INCLUDE_IN_FRAMEWORK_HEADER = YES;
				CLANG_WARN_RANGE_LOOP_ANALYSIS = YES;
				CLANG_WARN_STRICT_PROTOTYPES = YES;
				CLANG_WARN_SUSPICIOUS_MOVE = YES;
				CLANG_WARN_UNGUARDED_AVAILABILITY = YES_AGGRESSIVE;
				CLANG_WARN_UNREACHABLE_CODE = YES;
				CLANG_WARN__DUPLICATE_METHOD_MATCH = YES;
				COPY_PHASE_STRIP = NO;
				DEBUG_INFORMATION_FORMAT = dwarf;
				DEVELOPMENT_TEAM = 2G888L5QQN;
				ENABLE_STRICT_OBJC_MSGSEND = YES;
				ENABLE_TESTABILITY = YES;
				ENABLE_USER_SCRIPT_SANDBOXING = YES;
				GCC_C_LANGUAGE_STANDARD = gnu17;
				GCC_DYNAMIC_NO_PIC = NO;
				GCC_NO_COMMON_BLOCKS = YES;
				GCC_OPTIMIZATION_LEVEL = 0;
				GCC_PREPROCESSOR_DEFINITIONS = (
					"DEBUG=1",
					"$(inherited)",
				);
				GCC_WARN_64_TO_32_BIT_CONVERSION = YES;
				GCC_WARN_ABOUT_RETURN_TYPE = YES_ERROR;
				GCC_WARN_UNDECLARED_SELECTOR = YES;
				GCC_WARN_UNINITIALIZED_AUTOS = YES_AGGRESSIVE;
				GCC_WARN_UNUSED_FUNCTION = YES;
				GCC_WARN_UNUSED_VARIABLE = YES;
				IPHONEOS_DEPLOYMENT_TARGET = 26.5;
				LOCALIZATION_PREFERS_STRING_CATALOGS = YES;
				MTL_ENABLE_DEBUG_INFO = INCLUDE_SOURCE;
				MTL_FAST_MATH = YES;
				ONLY_ACTIVE_ARCH = YES;
				SDKROOT = iphoneos;
				SWIFT_ACTIVE_COMPILATION_CONDITIONS = "DEBUG $(inherited)";
				SWIFT_OPTIMIZATION_LEVEL = "-Onone";
			};
			name = Debug;
		};
		C3FDADB82FCAD62C00E8767F /* Release */ = {
			isa = XCBuildConfiguration;
			buildSettings = {
				ALWAYS_SEARCH_USER_PATHS = NO;
				ASSETCATALOG_COMPILER_GENERATE_SWIFT_ASSET_SYMBOL_EXTENSIONS = YES;
				CLANG_ANALYZER_NONNULL = YES;
				CLANG_ANALYZER_NUMBER_OBJECT_CONVERSION = YES_AGGRESSIVE;
				CLANG_CXX_LANGUAGE_STANDARD = "gnu++20";
				CLANG_ENABLE_MODULES = YES;
				CLANG_ENABLE_OBJC_ARC = YES;
				CLANG_ENABLE_OBJC_WEAK = YES;
				CLANG_WARN_BLOCK_CAPTURE_AUTORELEASING = YES;
				CLANG_WARN_BOOL_CONVERSION = YES;
				CLANG_WARN_COMMA = YES;
				CLANG_WARN_CONSTANT_CONVERSION = YES;
				CLANG_WARN_DEPRECATED_OBJC_IMPLEMENTATIONS = YES;
				CLANG_WARN_DIRECT_OBJC_ISA_USAGE = YES_ERROR;
				CLANG_WARN_DOCUMENTATION_COMMENTS = YES;
				CLANG_WARN_EMPTY_BODY = YES;
				CLANG_WARN_ENUM_CONVERSION = YES;
				CLANG_WARN_INFINITE_RECURSION = YES;
				CLANG_WARN_INT_CONVERSION = YES;
				CLANG_WARN_NON_LITERAL_NULL_CONVERSION = YES;
				CLANG_WARN_OBJC_IMPLICIT_RETAIN_SELF = YES;
				CLANG_WARN_OBJC_LITERAL_CONVERSION = YES;
				CLANG_WARN_OBJC_ROOT_CLASS = YES_ERROR;
				CLANG_WARN_QUOTED_INCLUDE_IN_FRAMEWORK_HEADER = YES;
				CLANG_WARN_RANGE_LOOP_ANALYSIS = YES;
				CLANG_WARN_STRICT_PROTOTYPES = YES;
				CLANG_WARN_SUSPICIOUS_MOVE = YES;
				CLANG_WARN_UNGUARDED_AVAILABILITY = YES_AGGRESSIVE;
				CLANG_WARN_UNREACHABLE_CODE = YES;
				CLANG_WARN__DUPLICATE_METHOD_MATCH = YES;
				COPY_PHASE_STRIP = NO;
				DEBUG_INFORMATION_FORMAT = "dwarf-with-dsym";
				DEVELOPMENT_TEAM = 2G888L5QQN;
				ENABLE_NS_ASSERTIONS = NO;
				ENABLE_STRICT_OBJC_MSGSEND = YES;
				ENABLE_USER_SCRIPT_SANDBOXING = YES;
				GCC_C_LANGUAGE_STANDARD = gnu17;
				GCC_NO_COMMON_BLOCKS = YES;
				GCC_WARN_64_TO_32_BIT_CONVERSION = YES;
				GCC_WARN_ABOUT_RETURN_TYPE = YES_ERROR;
				GCC_WARN_UNDECLARED_SELECTOR = YES;
				GCC_WARN_UNINITIALIZED_AUTOS = YES_AGGRESSIVE;
				GCC_WARN_UNUSED_FUNCTION = YES;
				GCC_WARN_UNUSED_VARIABLE = YES;
				IPHONEOS_DEPLOYMENT_TARGET = 26.5;
				LOCALIZATION_PREFERS_STRING_CATALOGS = YES;
				MTL_ENABLE_DEBUG_INFO = NO;
				MTL_FAST_MATH = YES;
				SDKROOT = iphoneos;
				SWIFT_COMPILATION_MODE = wholemodule;
				VALIDATE_PRODUCT = YES;
			};
			name = Release;
		};
		C3FDADBA2FCAD62C00E8767F /* Debug */ = {
			isa = XCBuildConfiguration;
			buildSettings = {
				ASSETCATALOG_COMPILER_APPICON_NAME = AppIcon;
				ASSETCATALOG_COMPILER_GLOBAL_ACCENT_COLOR_NAME = AccentColor;
				CODE_SIGN_STYLE = Automatic;
				CURRENT_PROJECT_VERSION = 1;
				DEVELOPMENT_TEAM = 2G888L5QQN;
				ENABLE_PREVIEWS = YES;
				GENERATE_INFOPLIST_FILE = YES;
				INFOPLIST_KEY_UIApplicationSceneManifest_Generation = YES;
				INFOPLIST_KEY_UIApplicationSupportsIndirectInputEvents = YES;
				INFOPLIST_KEY_UILaunchScreen_Generation = YES;
				INFOPLIST_KEY_UISupportedInterfaceOrientations_iPad = "UIInterfaceOrientationPortrait UIInterfaceOrientationPortraitUpsideDown UIInterfaceOrientationLandscapeLeft UIInterfaceOrientationLandscapeRight";
				INFOPLIST_KEY_UISupportedInterfaceOrientations_iPhone = "UIInterfaceOrientationPortrait UIInterfaceOrientationLandscapeLeft UIInterfaceOrientationLandscapeRight";
				LD_RUNPATH_SEARCH_PATHS = (
					"$(inherited)",
					"@executable_path/Frameworks",
				);
				MARKETING_VERSION = 1.0;
				PRODUCT_BUNDLE_IDENTIFIER = schokolado.FitTrackPro;
				PRODUCT_NAME = "$(TARGET_NAME)";
				STRING_CATALOG_GENERATE_SYMBOLS = YES;
				SWIFT_APPROACHABLE_CONCURRENCY = YES;
				SWIFT_DEFAULT_ACTOR_ISOLATION = MainActor;
				SWIFT_EMIT_LOC_STRINGS = YES;
				SWIFT_UPCOMING_FEATURE_MEMBER_IMPORT_VISIBILITY = YES;
				SWIFT_VERSION = 5.0;
				TARGETED_DEVICE_FAMILY = "1,2";
			};
			name = Debug;
		};
		C3FDADBB2FCAD62C00E8767F /* Release */ = {
			isa = XCBuildConfiguration;
			buildSettings = {
				ASSETCATALOG_COMPILER_APPICON_NAME = AppIcon;
				ASSETCATALOG_COMPILER_GLOBAL_ACCENT_COLOR_NAME = AccentColor;
				CODE_SIGN_STYLE = Automatic;
				CURRENT_PROJECT_VERSION = 1;
				DEVELOPMENT_TEAM = 2G888L5QQN;
				ENABLE_PREVIEWS = YES;
				GENERATE_INFOPLIST_FILE = YES;
				INFOPLIST_KEY_UIApplicationSceneManifest_Generation = YES;
				INFOPLIST_KEY_UIApplicationSupportsIndirectInputEvents = YES;
				INFOPLIST_KEY_UILaunchScreen_Generation = YES;
				INFOPLIST_KEY_UISupportedInterfaceOrientations_iPad = "UIInterfaceOrientationPortrait UIInterfaceOrientationPortraitUpsideDown UIInterfaceOrientationLandscapeLeft UIInterfaceOrientationLandscapeRight";
				INFOPLIST_KEY_UISupportedInterfaceOrientations_iPhone = "UIInterfaceOrientationPortrait UIInterfaceOrientationLandscapeLeft UIInterfaceOrientationLandscapeRight";
				LD_RUNPATH_SEARCH_PATHS = (
					"$(inherited)",
					"@executable_path/Frameworks",
				);
				MARKETING_VERSION = 1.0;
				PRODUCT_BUNDLE_IDENTIFIER = schokolado.FitTrackPro;
				PRODUCT_NAME = "$(TARGET_NAME)";
				STRING_CATALOG_GENERATE_SYMBOLS = YES;
				SWIFT_APPROACHABLE_CONCURRENCY = YES;
				SWIFT_DEFAULT_ACTOR_ISOLATION = MainActor;
				SWIFT_EMIT_LOC_STRINGS = YES;
				SWIFT_UPCOMING_FEATURE_MEMBER_IMPORT_VISIBILITY = YES;
				SWIFT_VERSION = 5.0;
				TARGETED_DEVICE_FAMILY = "1,2";
			};
			name = Release;
		};
/* End XCBuildConfiguration section */

/* Begin XCConfigurationList section */
		C3FDADA92FCAD62A00E8767F /* Build configuration list for PBXProject "FitTrackPro" */ = {
			isa = XCConfigurationList;
			buildConfigurations = (
				C3FDADB72FCAD62C00E8767F /* Debug */,
				C3FDADB82FCAD62C00E8767F /* Release */,
			);
			defaultConfigurationIsVisible = 0;
			defaultConfigurationName = Release;
		};
		C3FDADB92FCAD62C00E8767F /* Build configuration list for PBXNativeTarget "FitTrackPro" */ = {
			isa = XCConfigurationList;
			buildConfigurations = (
				C3FDADBA2FCAD62C00E8767F /* Debug */,
				C3FDADBB2FCAD62C00E8767F /* Release */,
			);
			defaultConfigurationIsVisible = 0;
			defaultConfigurationName = Release;
		};
/* End XCConfigurationList section */
	};
	rootObject = C3FDADA62FCAD62A00E8767F /* Project object */;
}
